
Microsoft Visual Studio Solution File, Format Version 12.00
# Visual Studio Version 17
VisualStudioVersion = 17.11.35222.181
MinimumVisualStudioVersion = 10.0.40219.1
Project("{FAE04EC0-301F-11D3-BF4B-00C04F79EFBC}") = "Практикум 10.5.1 (HW-03) - 2", "Практикум 10.5.1 (HW-03) - 2\Практикум 10.5.1 (HW-03) - 2.csproj", "{70C4584A-A3FD-4A14-98C9-90E08FB62820}"
EndProject
Global
	GlobalSection(SolutionConfigurationPlatforms) = preSolution
		Debug|Any CPU = Debug|Any CPU
		Release|Any CPU = Release|Any CPU
	EndGlobalSection
	GlobalSection(ProjectConfigurationPlatforms) = postSolution
		{70C4584A-A3FD-4A14-98C9-90E08FB62820}.Debug|Any CPU.ActiveCfg = Debug|Any CPU
		{70C4584A-A3FD-4A14-98C9-90E08FB62820}.Debug|Any CPU.Build.0 = Debug|Any CPU
		{70C4584A-A3FD-4A14-98C9-90E08FB62820}.Release|Any CPU.ActiveCfg = Release|Any CPU
		{70C4584A-A3FD-4A14-98C9-90E08FB62820}.Release|Any CPU.Build.0 = Release|Any CPU
	EndGlobalSection
	GlobalSection(SolutionProperties) = preSolution
		HideSolutionNode = FALSE
	EndGlobalSection
	GlobalSection(ExtensibilityGlobals) = postSolution
		SolutionGuid = {36AEFD23-19A3-4D35-A004-C7AEED809A43}
	EndGlobalSection
EndGlobal
